# This file is automatically @generated by Cargo.
# It is not intended for manual editing.
version = 3

[[package]]
name = "mayhem-bridge"
version = "0.1.0"

[[package]]
name = "mayhem-cli"
version = "0.1.0"

[[package]]
name = "mayhem-enclave"
version = "0.1.0"

[[package]]
name = "mayhem-engine"
version = "0.1.0"

[[package]]
name = "mayhem-gateway"
version = "0.1.0"

[[package]]
name = "mayhem-hwprobe"
version = "0.1.0"

[[package]]
name = "mayhem-pay"
version = "0.1.0"

[[package]]
name = "mayhem-proto"
version = "0.1.0"

[[package]]
name = "mayhemd"
version = "0.1.0"
